
Microsoft Visual Studio Solution File, Format Version 12.00
# Visual Studio Version 16
VisualStudioVersion = 16.0.29411.108
MinimumVisualStudioVersion = 10.0.40219.1
Project("{9A19103F-16F7-4668-BE54-9A1E7A4F7556}") = "SpeechToTextUsingCore", "SpeechToTextUsingCore\SpeechToTextUsingCore.csproj", "{95F4016B-90F4-4806-8B40-5909A49A9B87}"
EndProject
Project("{FAE04EC0-301F-11D3-BF4B-00C04F79EFBC}") = "SpeechToTextClassLibrary", "SpeechToTextClassLibrary\SpeechToTextClassLibrary.csproj", "{9BCE1D66-DE73-4AB1-BABA-1CE9FC292B39}"
EndProject
Project("{FAE04EC0-301F-11D3-BF4B-00C04F79EFBC}") = "SpeechToTextWindowsApplication", "SpeechToTextWindowsApplication\SpeechToTextWindowsApplication.csproj", "{029824AF-5F3B-4378-A24C-C1585F7AD825}"
EndProject
Global
	GlobalSection(SolutionConfigurationPlatforms) = preSolution
		Debug|Any CPU = Debug|Any CPU
		Release|Any CPU = Release|Any CPU
	EndGlobalSection
	GlobalSection(ProjectConfigurationPlatforms) = postSolution
		{95F4016B-90F4-4806-8B40-5909A49A9B87}.Debug|Any CPU.ActiveCfg = Debug|Any CPU
		{95F4016B-90F4-4806-8B40-5909A49A9B87}.Debug|Any CPU.Build.0 = Debug|Any CPU
		{95F4016B-90F4-4806-8B40-5909A49A9B87}.Release|Any CPU.ActiveCfg = Release|Any CPU
		{95F4016B-90F4-4806-8B40-5909A49A9B87}.Release|Any CPU.Build.0 = Release|Any CPU
		{9BCE1D66-DE73-4AB1-BABA-1CE9FC292B39}.Debug|Any CPU.ActiveCfg = Debug|Any CPU
		{9BCE1D66-DE73-4AB1-BABA-1CE9FC292B39}.Debug|Any CPU.Build.0 = Debug|Any CPU
		{9BCE1D66-DE73-4AB1-BABA-1CE9FC292B39}.Release|Any CPU.ActiveCfg = Release|Any CPU
		{9BCE1D66-DE73-4AB1-BABA-1CE9FC292B39}.Release|Any CPU.Build.0 = Release|Any CPU
		{029824AF-5F3B-4378-A24C-C1585F7AD825}.Debug|Any CPU.ActiveCfg = Debug|Any CPU
		{029824AF-5F3B-4378-A24C-C1585F7AD825}.Debug|Any CPU.Build.0 = Debug|Any CPU
		{029824AF-5F3B-4378-A24C-C1585F7AD825}.Release|Any CPU.ActiveCfg = Release|Any CPU
		{029824AF-5F3B-4378-A24C-C1585F7AD825}.Release|Any CPU.Build.0 = Release|Any CPU
	EndGlobalSection
	GlobalSection(SolutionProperties) = preSolution
		HideSolutionNode = FALSE
	EndGlobalSection
	GlobalSection(ExtensibilityGlobals) = postSolution
		SolutionGuid = {A58665BD-FD05-420E-9192-10B1F8AEBA7B}
	EndGlobalSection
EndGlobal
